<Solution>
  <Folder Name="/src/">
    <Project Path="src/RestAPITester.Core/RestAPITester.Core.csproj" />
    <Project Path="src/RestAPITester.Proxy/RestAPITester.Proxy.csproj" />
    <Project Path="src/RestAPITester.Storage/RestAPITester.Storage.csproj" />
    <Project Path="src/RestAPITester.Web/RestAPITester.Web.csproj" />
  </Folder>
  <Folder Name="/tests/">
    <Project Path="tests/RestAPITester.Core.Tests/RestAPITester.Core.Tests.csproj" />
  </Folder>
</Solution>
